
Microsoft Visual Studio Solution File, Format Version 12.00
# Visual Studio Version 16
VisualStudioVersion = 16.0.30907.101
MinimumVisualStudioVersion = 10.0.40219.1
Project("{9A19103F-16F7-4668-BE54-9A1E7A4F7556}") = "UIdESIGN", "UIdESIGN\UIdESIGN.csproj", "{C6D43A85-AA77-4D24-A86E-FEE5BC1A9E84}"
EndProject
Project("{9A19103F-16F7-4668-BE54-9A1E7A4F7556}") = "API_Details", "API_Details\API_Details.csproj", "{9309DA43-D6AA-47AD-9052-5F81CCA37BB5}"
EndProject
Global
	GlobalSection(SolutionConfigurationPlatforms) = preSolution
		Debug|Any CPU = Debug|Any CPU
		Release|Any CPU = Release|Any CPU
	EndGlobalSection
	GlobalSection(ProjectConfigurationPlatforms) = postSolution
		{C6D43A85-AA77-4D24-A86E-FEE5BC1A9E84}.Debug|Any CPU.ActiveCfg = Debug|Any CPU
		{C6D43A85-AA77-4D24-A86E-FEE5BC1A9E84}.Debug|Any CPU.Build.0 = Debug|Any CPU
		{C6D43A85-AA77-4D24-A86E-FEE5BC1A9E84}.Release|Any CPU.ActiveCfg = Release|Any CPU
		{C6D43A85-AA77-4D24-A86E-FEE5BC1A9E84}.Release|Any CPU.Build.0 = Release|Any CPU
		{9309DA43-D6AA-47AD-9052-5F81CCA37BB5}.Debug|Any CPU.ActiveCfg = Debug|Any CPU
		{9309DA43-D6AA-47AD-9052-5F81CCA37BB5}.Debug|Any CPU.Build.0 = Debug|Any CPU
		{9309DA43-D6AA-47AD-9052-5F81CCA37BB5}.Release|Any CPU.ActiveCfg = Release|Any CPU
		{9309DA43-D6AA-47AD-9052-5F81CCA37BB5}.Release|Any CPU.Build.0 = Release|Any CPU
	EndGlobalSection
	GlobalSection(SolutionProperties) = preSolution
		HideSolutionNode = FALSE
	EndGlobalSection
	GlobalSection(ExtensibilityGlobals) = postSolution
		SolutionGuid = {BC75837F-DB22-449C-A30F-C24BFBD8DDFB}
	EndGlobalSection
EndGlobal
